
Microsoft Visual Studio Solution File, Format Version 12.00
# Visual Studio 14
VisualStudioVersion = 14.0.23107.0
MinimumVisualStudioVersion = 10.0.40219.1
Project("{FAE04EC0-301F-11D3-BF4B-00C04F79EFBC}") = "mdresgen", "mdresgen\mdresgen.csproj", "{8E2BD5CB-1C31-4226-8A0C-7D5BD015EF43}"
EndProject
Project("{FAE04EC0-301F-11D3-BF4B-00C04F79EFBC}") = "MaterialDesignThemes.Wpf", "MaterialDesignThemes.Wpf\MaterialDesignThemes.Wpf.csproj", "{F079FB0A-A8ED-4216-B6A5-345756751A04}"
EndProject
Project("{FAE04EC0-301F-11D3-BF4B-00C04F79EFBC}") = "MainDemo.Wpf", "MainDemo.Wpf\MainDemo.Wpf.csproj", "{CF0A27A8-EF82-44E5-B673-ECCC150C48ED}"
EndProject
Project("{FAE04EC0-301F-11D3-BF4B-00C04F79EFBC}") = "MaterialDesignColors.Wpf", "MaterialDesignColors.Wpf\MaterialDesignColors.Wpf.csproj", "{90B53209-C60C-4655-B28D-A1B3E1044BA3}"
EndProject
Project("{FAE04EC0-301F-11D3-BF4B-00C04F79EFBC}") = "MahMaterialDragablzMashUp", "MahMaterialDragablzMashUp\MahMaterialDragablzMashUp.csproj", "{803954E5-3A35-4D8B-95A7-F6E9B63EC0DF}"
EndProject
Project("{2150E333-8FDC-42A3-9474-1A3956D46DE8}") = "web", "web", "{7D0AC158-FD01-4EA3-8F8A-D19C085C77DF}"
	ProjectSection(SolutionItems) = preProject
		web\MashUp.gif = web\MashUp.gif
		web\MaterialDesignPalette.js = web\MaterialDesignPalette.js
		web\PaletteBuilder.html = web\PaletteBuilder.html
	EndProjectSection
EndProject
Project("{2150E333-8FDC-42A3-9474-1A3956D46DE8}") = "Demos", "Demos", "{D34BE232-DE51-43C1-ABDC-B69003BB50FF}"
EndProject
Project("{FAE04EC0-301F-11D3-BF4B-00C04F79EFBC}") = "MaterialDesignColors.Wpf.Tests", "MaterialDesignColors.Wpf.Tests\MaterialDesignColors.Wpf.Tests.csproj", "{FD1D557A-251C-4D00-9FDE-6FF9FFA747B8}"
EndProject
Project("{FAE04EC0-301F-11D3-BF4B-00C04F79EFBC}") = "MaterialDesignThemes.MahApps", "MaterialDesignThemes.MahApps\MaterialDesignThemes.MahApps.csproj", "{81556A2D-D467-43E7-945B-FD987C676CF6}"
EndProject
Global
	GlobalSection(SolutionConfigurationPlatforms) = preSolution
		AppVeyor|Any CPU = AppVeyor|Any CPU
		AppVeyor|ARM = AppVeyor|ARM
		AppVeyor|x64 = AppVeyor|x64
		AppVeyor|x86 = AppVeyor|x86
		Debug|Any CPU = Debug|Any CPU
		Debug|ARM = Debug|ARM
		Debug|x64 = Debug|x64
		Debug|x86 = Debug|x86
		Release|Any CPU = Release|Any CPU
		Release|ARM = Release|ARM
		Release|x64 = Release|x64
		Release|x86 = Release|x86
	EndGlobalSection
	GlobalSection(ProjectConfigurationPlatforms) = postSolution
		{8E2BD5CB-1C31-4226-8A0C-7D5BD015EF43}.AppVeyor|Any CPU.ActiveCfg = AppVeyor|Any CPU
		{8E2BD5CB-1C31-4226-8A0C-7D5BD015EF43}.AppVeyor|Any CPU.Build.0 = AppVeyor|Any CPU
		{8E2BD5CB-1C31-4226-8A0C-7D5BD015EF43}.AppVeyor|ARM.ActiveCfg = AppVeyor|Any CPU
		{8E2BD5CB-1C31-4226-8A0C-7D5BD015EF43}.AppVeyor|ARM.Build.0 = AppVeyor|Any CPU
		{8E2BD5CB-1C31-4226-8A0C-7D5BD015EF43}.AppVeyor|x64.ActiveCfg = AppVeyor|Any CPU
		{8E2BD5CB-1C31-4226-8A0C-7D5BD015EF43}.AppVeyor|x64.Build.0 = AppVeyor|Any CPU
		{8E2BD5CB-1C31-4226-8A0C-7D5BD015EF43}.AppVeyor|x86.ActiveCfg = AppVeyor|Any CPU
		{8E2BD5CB-1C31-4226-8A0C-7D5BD015EF43}.AppVeyor|x86.Build.0 = AppVeyor|Any CPU
		{8E2BD5CB-1C31-4226-8A0C-7D5BD015EF43}.Debug|Any CPU.ActiveCfg = Debug|Any CPU
		{8E2BD5CB-1C31-4226-8A0C-7D5BD015EF43}.Debug|Any CPU.Build.0 = Debug|Any CPU
		{8E2BD5CB-1C31-4226-8A0C-7D5BD015EF43}.Debug|ARM.ActiveCfg = Debug|Any CPU
		{8E2BD5CB-1C31-4226-8A0C-7D5BD015EF43}.Debug|ARM.Build.0 = Debug|Any CPU
		{8E2BD5CB-1C31-4226-8A0C-7D5BD015EF43}.Debug|x64.ActiveCfg = Debug|Any CPU
		{8E2BD5CB-1C31-4226-8A0C-7D5BD015EF43}.Debug|x64.Build.0 = Debug|Any CPU
		{8E2BD5CB-1C31-4226-8A0C-7D5BD015EF43}.Debug|x86.ActiveCfg = Debug|Any CPU
		{8E2BD5CB-1C31-4226-8A0C-7D5BD015EF43}.Debug|x86.Build.0 = Debug|Any CPU
		{8E2BD5CB-1C31-4226-8A0C-7D5BD015EF43}.Release|Any CPU.ActiveCfg = Release|Any CPU
		{8E2BD5CB-1C31-4226-8A0C-7D5BD015EF43}.Release|Any CPU.Build.0 = Release|Any CPU
		{8E2BD5CB-1C31-4226-8A0C-7D5BD015EF43}.Release|ARM.ActiveCfg = Release|Any CPU
		{8E2BD5CB-1C31-4226-8A0C-7D5BD015EF43}.Release|ARM.Build.0 = Release|Any CPU
		{8E2BD5CB-1C31-4226-8A0C-7D5BD015EF43}.Release|x64.ActiveCfg = Release|Any CPU
		{8E2BD5CB-1C31-4226-8A0C-7D5BD015EF43}.Release|x64.Build.0 = Release|Any CPU
		{8E2BD5CB-1C31-4226-8A0C-7D5BD015EF43}.Release|x86.ActiveCfg = Release|Any CPU
		{8E2BD5CB-1C31-4226-8A0C-7D5BD015EF43}.Release|x86.Build.0 = Release|Any CPU
		{F079FB0A-A8ED-4216-B6A5-345756751A04}.AppVeyor|Any CPU.ActiveCfg = AppVeyor|Any CPU
		{F079FB0A-A8ED-4216-B6A5-345756751A04}.AppVeyor|Any CPU.Build.0 = AppVeyor|Any CPU
		{F079FB0A-A8ED-4216-B6A5-345756751A04}.AppVeyor|ARM.ActiveCfg = AppVeyor|Any CPU
		{F079FB0A-A8ED-4216-B6A5-345756751A04}.AppVeyor|ARM.Build.0 = AppVeyor|Any CPU
		{F079FB0A-A8ED-4216-B6A5-345756751A04}.AppVeyor|x64.ActiveCfg = AppVeyor|Any CPU
		{F079FB0A-A8ED-4216-B6A5-345756751A04}.AppVeyor|x64.Build.0 = AppVeyor|Any CPU
		{F079FB0A-A8ED-4216-B6A5-345756751A04}.AppVeyor|x86.ActiveCfg = AppVeyor|Any CPU
		{F079FB0A-A8ED-4216-B6A5-345756751A04}.AppVeyor|x86.Build.0 = AppVeyor|Any CPU
		{F079FB0A-A8ED-4216-B6A5-345756751A04}.Debug|Any CPU.ActiveCfg = Debug|Any CPU
		{F079FB0A-A8ED-4216-B6A5-345756751A04}.Debug|Any CPU.Build.0 = Debug|Any CPU
		{F079FB0A-A8ED-4216-B6A5-345756751A04}.Debug|ARM.ActiveCfg = Debug|Any CPU
		{F079FB0A-A8ED-4216-B6A5-345756751A04}.Debug|ARM.Build.0 = Debug|Any CPU
		{F079FB0A-A8ED-4216-B6A5-345756751A04}.Debug|x64.ActiveCfg = Debug|Any CPU
		{F079FB0A-A8ED-4216-B6A5-345756751A04}.Debug|x64.Build.0 = Debug|Any CPU
		{F079FB0A-A8ED-4216-B6A5-345756751A04}.Debug|x86.ActiveCfg = Debug|Any CPU
		{F079FB0A-A8ED-4216-B6A5-345756751A04}.Debug|x86.Build.0 = Debug|Any CPU
		{F079FB0A-A8ED-4216-B6A5-345756751A04}.Release|Any CPU.ActiveCfg = Release|Any CPU
		{F079FB0A-A8ED-4216-B6A5-345756751A04}.Release|Any CPU.Build.0 = Release|Any CPU
		{F079FB0A-A8ED-4216-B6A5-345756751A04}.Release|ARM.ActiveCfg = Release|Any CPU
		{F079FB0A-A8ED-4216-B6A5-345756751A04}.Release|ARM.Build.0 = Release|Any CPU
		{F079FB0A-A8ED-4216-B6A5-345756751A04}.Release|x64.ActiveCfg = Release|Any CPU
		{F079FB0A-A8ED-4216-B6A5-345756751A04}.Release|x64.Build.0 = Release|Any CPU
		{F079FB0A-A8ED-4216-B6A5-345756751A04}.Release|x86.ActiveCfg = Release|Any CPU
		{F079FB0A-A8ED-4216-B6A5-345756751A04}.Release|x86.Build.0 = Release|Any CPU
		{CF0A27A8-EF82-44E5-B673-ECCC150C48ED}.AppVeyor|Any CPU.ActiveCfg = AppVeyor|Any CPU
		{CF0A27A8-EF82-44E5-B673-ECCC150C48ED}.AppVeyor|Any CPU.Build.0 = AppVeyor|Any CPU
		{CF0A27A8-EF82-44E5-B673-ECCC150C48ED}.AppVeyor|ARM.ActiveCfg = AppVeyor|Any CPU
		{CF0A27A8-EF82-44E5-B673-ECCC150C48ED}.AppVeyor|ARM.Build.0 = AppVeyor|Any CPU
		{CF0A27A8-EF82-44E5-B673-ECCC150C48ED}.AppVeyor|x64.ActiveCfg = AppVeyor|Any CPU
		{CF0A27A8-EF82-44E5-B673-ECCC150C48ED}.AppVeyor|x64.Build.0 = AppVeyor|Any CPU
		{CF0A27A8-EF82-44E5-B673-ECCC150C48ED}.AppVeyor|x86.ActiveCfg = AppVeyor|Any CPU
		{CF0A27A8-EF82-44E5-B673-ECCC150C48ED}.AppVeyor|x86.Build.0 = AppVeyor|Any CPU
		{CF0A27A8-EF82-44E5-B673-ECCC150C48ED}.Debug|Any CPU.ActiveCfg = Debug|Any CPU
		{CF0A27A8-EF82-44E5-B673-ECCC150C48ED}.Debug|Any CPU.Build.0 = Debug|Any CPU
		{CF0A27A8-EF82-44E5-B673-ECCC150C48ED}.Debug|ARM.ActiveCfg = Debug|Any CPU
		{CF0A27A8-EF82-44E5-B673-ECCC150C48ED}.Debug|ARM.Build.0 = Debug|Any CPU
		{CF0A27A8-EF82-44E5-B673-ECCC150C48ED}.Debug|x64.ActiveCfg = Debug|Any CPU
		{CF0A27A8-EF82-44E5-B673-ECCC150C48ED}.Debug|x64.Build.0 = Debug|Any CPU
		{CF0A27A8-EF82-44E5-B673-ECCC150C48ED}.Debug|x86.ActiveCfg = Debug|Any CPU
		{CF0A27A8-EF82-44E5-B673-ECCC150C48ED}.Debug|x86.Build.0 = Debug|Any CPU
		{CF0A27A8-EF82-44E5-B673-ECCC150C48ED}.Release|Any CPU.ActiveCfg = Release|Any CPU
		{CF0A27A8-EF82-44E5-B673-ECCC150C48ED}.Release|Any CPU.Build.0 = Release|Any CPU
		{CF0A27A8-EF82-44E5-B673-ECCC150C48ED}.Release|ARM.ActiveCfg = Release|Any CPU
		{CF0A27A8-EF82-44E5-B673-ECCC150C48ED}.Release|ARM.Build.0 = Release|Any CPU
		{CF0A27A8-EF82-44E5-B673-ECCC150C48ED}.Release|x64.ActiveCfg = Release|Any CPU
		{CF0A27A8-EF82-44E5-B673-ECCC150C48ED}.Release|x64.Build.0 = Release|Any CPU
		{CF0A27A8-EF82-44E5-B673-ECCC150C48ED}.Release|x86.ActiveCfg = Release|Any CPU
		{CF0A27A8-EF82-44E5-B673-ECCC150C48ED}.Release|x86.Build.0 = Release|Any CPU
		{90B53209-C60C-4655-B28D-A1B3E1044BA3}.AppVeyor|Any CPU.ActiveCfg = AppVeyor|Any CPU
		{90B53209-C60C-4655-B28D-A1B3E1044BA3}.AppVeyor|Any CPU.Build.0 = AppVeyor|Any CPU
		{90B53209-C60C-4655-B28D-A1B3E1044BA3}.AppVeyor|ARM.ActiveCfg = AppVeyor|Any CPU
		{90B53209-C60C-4655-B28D-A1B3E1044BA3}.AppVeyor|ARM.Build.0 = AppVeyor|Any CPU
		{90B53209-C60C-4655-B28D-A1B3E1044BA3}.AppVeyor|x64.ActiveCfg = AppVeyor|Any CPU
		{90B53209-C60C-4655-B28D-A1B3E1044BA3}.AppVeyor|x64.Build.0 = AppVeyor|Any CPU
		{90B53209-C60C-4655-B28D-A1B3E1044BA3}.AppVeyor|x86.ActiveCfg = AppVeyor|Any CPU
		{90B53209-C60C-4655-B28D-A1B3E1044BA3}.AppVeyor|x86.Build.0 = AppVeyor|Any CPU
		{90B53209-C60C-4655-B28D-A1B3E1044BA3}.Debug|Any CPU.ActiveCfg = Debug|Any CPU
		{90B53209-C60C-4655-B28D-A1B3E1044BA3}.Debug|Any CPU.Build.0 = Debug|Any CPU
		{90B53209-C60C-4655-B28D-A1B3E1044BA3}.Debug|ARM.ActiveCfg = Debug|Any CPU
		{90B53209-C60C-4655-B28D-A1B3E1044BA3}.Debug|ARM.Build.0 = Debug|Any CPU
		{90B53209-C60C-4655-B28D-A1B3E1044BA3}.Debug|x64.ActiveCfg = Debug|Any CPU
		{90B53209-C60C-4655-B28D-A1B3E1044BA3}.Debug|x64.Build.0 = Debug|Any CPU
		{90B53209-C60C-4655-B28D-A1B3E1044BA3}.Debug|x86.ActiveCfg = Debug|Any CPU
		{90B53209-C60C-4655-B28D-A1B3E1044BA3}.Debug|x86.Build.0 = Debug|Any CPU
		{90B53209-C60C-4655-B28D-A1B3E1044BA3}.Release|Any CPU.ActiveCfg = Release|Any CPU
		{90B53209-C60C-4655-B28D-A1B3E1044BA3}.Release|Any CPU.Build.0 = Release|Any CPU
		{90B53209-C60C-4655-B28D-A1B3E1044BA3}.Release|ARM.ActiveCfg = Release|Any CPU
		{90B53209-C60C-4655-B28D-A1B3E1044BA3}.Release|ARM.Build.0 = Release|Any CPU
		{90B53209-C60C-4655-B28D-A1B3E1044BA3}.Release|x64.ActiveCfg = Release|Any CPU
		{90B53209-C60C-4655-B28D-A1B3E1044BA3}.Release|x64.Build.0 = Release|Any CPU
		{90B53209-C60C-4655-B28D-A1B3E1044BA3}.Release|x86.ActiveCfg = Release|Any CPU
		{90B53209-C60C-4655-B28D-A1B3E1044BA3}.Release|x86.Build.0 = Release|Any CPU
		{803954E5-3A35-4D8B-95A7-F6E9B63EC0DF}.AppVeyor|Any CPU.ActiveCfg = AppVeyor|Any CPU
		{803954E5-3A35-4D8B-95A7-F6E9B63EC0DF}.AppVeyor|Any CPU.Build.0 = AppVeyor|Any CPU
		{803954E5-3A35-4D8B-95A7-F6E9B63EC0DF}.AppVeyor|ARM.ActiveCfg = AppVeyor|Any CPU
		{803954E5-3A35-4D8B-95A7-F6E9B63EC0DF}.AppVeyor|ARM.Build.0 = AppVeyor|Any CPU
		{803954E5-3A35-4D8B-95A7-F6E9B63EC0DF}.AppVeyor|x64.ActiveCfg = AppVeyor|Any CPU
		{803954E5-3A35-4D8B-95A7-F6E9B63EC0DF}.AppVeyor|x64.Build.0 = AppVeyor|Any CPU
		{803954E5-3A35-4D8B-95A7-F6E9B63EC0DF}.AppVeyor|x86.ActiveCfg = AppVeyor|Any CPU
		{803954E5-3A35-4D8B-95A7-F6E9B63EC0DF}.AppVeyor|x86.Build.0 = AppVeyor|Any CPU
		{803954E5-3A35-4D8B-95A7-F6E9B63EC0DF}.Debug|Any CPU.ActiveCfg = Debug|Any CPU
		{803954E5-3A35-4D8B-95A7-F6E9B63EC0DF}.Debug|Any CPU.Build.0 = Debug|Any CPU
		{803954E5-3A35-4D8B-95A7-F6E9B63EC0DF}.Debug|ARM.ActiveCfg = Debug|Any CPU
		{803954E5-3A35-4D8B-95A7-F6E9B63EC0DF}.Debug|ARM.Build.0 = Debug|Any CPU
		{803954E5-3A35-4D8B-95A7-F6E9B63EC0DF}.Debug|x64.ActiveCfg = Debug|Any CPU
		{803954E5-3A35-4D8B-95A7-F6E9B63EC0DF}.Debug|x64.Build.0 = Debug|Any CPU
		{803954E5-3A35-4D8B-95A7-F6E9B63EC0DF}.Debug|x86.ActiveCfg = Debug|Any CPU
		{803954E5-3A35-4D8B-95A7-F6E9B63EC0DF}.Debug|x86.Build.0 = Debug|Any CPU
		{803954E5-3A35-4D8B-95A7-F6E9B63EC0DF}.Release|Any CPU.ActiveCfg = Release|Any CPU
		{803954E5-3A35-4D8B-95A7-F6E9B63EC0DF}.Release|Any CPU.Build.0 = Release|Any CPU
		{803954E5-3A35-4D8B-95A7-F6E9B63EC0DF}.Release|ARM.ActiveCfg = Release|Any CPU
		{803954E5-3A35-4D8B-95A7-F6E9B63EC0DF}.Release|ARM.Build.0 = Release|Any CPU
		{803954E5-3A35-4D8B-95A7-F6E9B63EC0DF}.Release|x64.ActiveCfg = Release|Any CPU
		{803954E5-3A35-4D8B-95A7-F6E9B63EC0DF}.Release|x64.Build.0 = Release|Any CPU
		{803954E5-3A35-4D8B-95A7-F6E9B63EC0DF}.Release|x86.ActiveCfg = Release|Any CPU
		{803954E5-3A35-4D8B-95A7-F6E9B63EC0DF}.Release|x86.Build.0 = Release|Any CPU
		{FD1D557A-251C-4D00-9FDE-6FF9FFA747B8}.AppVeyor|Any CPU.ActiveCfg = Release|Any CPU
		{FD1D557A-251C-4D00-9FDE-6FF9FFA747B8}.AppVeyor|Any CPU.Build.0 = Release|Any CPU
		{FD1D557A-251C-4D00-9FDE-6FF9FFA747B8}.AppVeyor|ARM.ActiveCfg = Release|Any CPU
		{FD1D557A-251C-4D00-9FDE-6FF9FFA747B8}.AppVeyor|ARM.Build.0 = Release|Any CPU
		{FD1D557A-251C-4D00-9FDE-6FF9FFA747B8}.AppVeyor|x64.ActiveCfg = Release|Any CPU
		{FD1D557A-251C-4D00-9FDE-6FF9FFA747B8}.AppVeyor|x64.Build.0 = Release|Any CPU
		{FD1D557A-251C-4D00-9FDE-6FF9FFA747B8}.AppVeyor|x86.ActiveCfg = Release|Any CPU
		{FD1D557A-251C-4D00-9FDE-6FF9FFA747B8}.AppVeyor|x86.Build.0 = Release|Any CPU
		{FD1D557A-251C-4D00-9FDE-6FF9FFA747B8}.Debug|Any CPU.ActiveCfg = Debug|Any CPU
		{FD1D557A-251C-4D00-9FDE-6FF9FFA747B8}.Debug|Any CPU.Build.0 = Debug|Any CPU
		{FD1D557A-251C-4D00-9FDE-6FF9FFA747B8}.Debug|ARM.ActiveCfg = Debug|Any CPU
		{FD1D557A-251C-4D00-9FDE-6FF9FFA747B8}.Debug|ARM.Build.0 = Debug|Any CPU
		{FD1D557A-251C-4D00-9FDE-6FF9FFA747B8}.Debug|x64.ActiveCfg = Debug|Any CPU
		{FD1D557A-251C-4D00-9FDE-6FF9FFA747B8}.Debug|x64.Build.0 = Debug|Any CPU
		{FD1D557A-251C-4D00-9FDE-6FF9FFA747B8}.Debug|x86.ActiveCfg = Debug|Any CPU
		{FD1D557A-251C-4D00-9FDE-6FF9FFA747B8}.Debug|x86.Build.0 = Debug|Any CPU
		{FD1D557A-251C-4D00-9FDE-6FF9FFA747B8}.Release|Any CPU.ActiveCfg = Release|Any CPU
		{FD1D557A-251C-4D00-9FDE-6FF9FFA747B8}.Release|Any CPU.Build.0 = Release|Any CPU
		{FD1D557A-251C-4D00-9FDE-6FF9FFA747B8}.Release|ARM.ActiveCfg = Release|Any CPU
		{FD1D557A-251C-4D00-9FDE-6FF9FFA747B8}.Release|ARM.Build.0 = Release|Any CPU
		{FD1D557A-251C-4D00-9FDE-6FF9FFA747B8}.Release|x64.ActiveCfg = Release|Any CPU
		{FD1D557A-251C-4D00-9FDE-6FF9FFA747B8}.Release|x64.Build.0 = Release|Any CPU
		{FD1D557A-251C-4D00-9FDE-6FF9FFA747B8}.Release|x86.ActiveCfg = Release|Any CPU
		{FD1D557A-251C-4D00-9FDE-6FF9FFA747B8}.Release|x86.Build.0 = Release|Any CPU
		{81556A2D-D467-43E7-945B-FD987C676CF6}.AppVeyor|Any CPU.ActiveCfg = Release|Any CPU
		{81556A2D-D467-43E7-945B-FD987C676CF6}.AppVeyor|Any CPU.Build.0 = Release|Any CPU
		{81556A2D-D467-43E7-945B-FD987C676CF6}.AppVeyor|ARM.ActiveCfg = Release|Any CPU
		{81556A2D-D467-43E7-945B-FD987C676CF6}.AppVeyor|ARM.Build.0 = Release|Any CPU
		{81556A2D-D467-43E7-945B-FD987C676CF6}.AppVeyor|x64.ActiveCfg = Release|Any CPU
		{81556A2D-D467-43E7-945B-FD987C676CF6}.AppVeyor|x64.Build.0 = Release|Any CPU
		{81556A2D-D467-43E7-945B-FD987C676CF6}.AppVeyor|x86.ActiveCfg = Release|Any CPU
		{81556A2D-D467-43E7-945B-FD987C676CF6}.AppVeyor|x86.Build.0 = Release|Any CPU
		{81556A2D-D467-43E7-945B-FD987C676CF6}.Debug|Any CPU.ActiveCfg = Debug|Any CPU
		{81556A2D-D467-43E7-945B-FD987C676CF6}.Debug|Any CPU.Build.0 = Debug|Any CPU
		{81556A2D-D467-43E7-945B-FD987C676CF6}.Debug|ARM.ActiveCfg = Debug|Any CPU
		{81556A2D-D467-43E7-945B-FD987C676CF6}.Debug|ARM.Build.0 = Debug|Any CPU
		{81556A2D-D467-43E7-945B-FD987C676CF6}.Debug|x64.ActiveCfg = Debug|Any CPU
		{81556A2D-D467-43E7-945B-FD987C676CF6}.Debug|x64.Build.0 = Debug|Any CPU
		{81556A2D-D467-43E7-945B-FD987C676CF6}.Debug|x86.ActiveCfg = Debug|Any CPU
		{81556A2D-D467-43E7-945B-FD987C676CF6}.Debug|x86.Build.0 = Debug|Any CPU
		{81556A2D-D467-43E7-945B-FD987C676CF6}.Release|Any CPU.ActiveCfg = Release|Any CPU
		{81556A2D-D467-43E7-945B-FD987C676CF6}.Release|Any CPU.Build.0 = Release|Any CPU
		{81556A2D-D467-43E7-945B-FD987C676CF6}.Release|ARM.ActiveCfg = Release|Any CPU
		{81556A2D-D467-43E7-945B-FD987C676CF6}.Release|ARM.Build.0 = Release|Any CPU
		{81556A2D-D467-43E7-945B-FD987C676CF6}.Release|x64.ActiveCfg = Release|Any CPU
		{81556A2D-D467-43E7-945B-FD987C676CF6}.Release|x64.Build.0 = Release|Any CPU
		{81556A2D-D467-43E7-945B-FD987C676CF6}.Release|x86.ActiveCfg = Release|Any CPU
		{81556A2D-D467-43E7-945B-FD987C676CF6}.Release|x86.Build.0 = Release|Any CPU
	EndGlobalSection
	GlobalSection(SolutionProperties) = preSolution
		HideSolutionNode = FALSE
	EndGlobalSection
	GlobalSection(NestedProjects) = preSolution
		{CF0A27A8-EF82-44E5-B673-ECCC150C48ED} = {D34BE232-DE51-43C1-ABDC-B69003BB50FF}
		{803954E5-3A35-4D8B-95A7-F6E9B63EC0DF} = {D34BE232-DE51-43C1-ABDC-B69003BB50FF}
	EndGlobalSection
EndGlobal
