
Microsoft Visual Studio Solution File, Format Version 12.00
# Visual Studio 14
VisualStudioVersion = 14.0.22609.0
MinimumVisualStudioVersion = 10.0.40219.1
Project("{FAE04EC0-301F-11D3-BF4B-00C04F79EFBC}") = "mdresgen", "mdresgen\mdresgen.csproj", "{8E2BD5CB-1C31-4226-8A0C-7D5BD015EF43}"
EndProject
Project("{FAE04EC0-301F-11D3-BF4B-00C04F79EFBC}") = "MaterialDesignThemes.Wpf", "MaterialDesignThemes.Wpf\MaterialDesignThemes.Wpf.csproj", "{F079FB0A-A8ED-4216-B6A5-345756751A04}"
EndProject
Project("{FAE04EC0-301F-11D3-BF4B-00C04F79EFBC}") = "MaterialDesignColors.WpfExample", "MaterialDesignColors.WpfExample\MaterialDesignColors.WpfExample.csproj", "{CF0A27A8-EF82-44E5-B673-ECCC150C48ED}"
EndProject
Project("{FAE04EC0-301F-11D3-BF4B-00C04F79EFBC}") = "MaterialDesignColors.Wpf", "MaterialDesignColors.Wpf\MaterialDesignColors.Wpf.csproj", "{90B53209-C60C-4655-B28D-A1B3E1044BA3}"
EndProject
Project("{FAE04EC0-301F-11D3-BF4B-00C04F79EFBC}") = "MaterialDesignColors.UniversalExample", "MaterialDesignColors.UniversalExample\MaterialDesignColors.UniversalExample.csproj", "{1FE7510B-7FDD-40F1-8ED7-A0B5235B9051}"
EndProject
Project("{FAE04EC0-301F-11D3-BF4B-00C04F79EFBC}") = "MaterialDesignColors.Universal", "MaterialDesignColors.Universal\MaterialDesignColors.Universal.csproj", "{F92E72B2-A25D-49DF-9E27-888996D8770E}"
EndProject
Project("{FAE04EC0-301F-11D3-BF4B-00C04F79EFBC}") = "MaterialDesignColors.PaletteBuilder.Universal", "MaterialDesignColors.PaletteBuilder.Universal\MaterialDesignColors.PaletteBuilder.Universal.csproj", "{FFA39A82-6F0C-4FFE-96E4-35BCC10B91D1}"
EndProject
Project("{FAE04EC0-301F-11D3-BF4B-00C04F79EFBC}") = "MahMaterialDragablzMashUp", "MahMaterialDragablzMashUp\MahMaterialDragablzMashUp.csproj", "{803954E5-3A35-4D8B-95A7-F6E9B63EC0DF}"
EndProject
Global
	GlobalSection(SolutionConfigurationPlatforms) = preSolution
		AppVeyor|Any CPU = AppVeyor|Any CPU
		AppVeyor|ARM = AppVeyor|ARM
		AppVeyor|x64 = AppVeyor|x64
		AppVeyor|x86 = AppVeyor|x86
		Debug|Any CPU = Debug|Any CPU
		Debug|ARM = Debug|ARM
		Debug|x64 = Debug|x64
		Debug|x86 = Debug|x86
		Release|Any CPU = Release|Any CPU
		Release|ARM = Release|ARM
		Release|x64 = Release|x64
		Release|x86 = Release|x86
	EndGlobalSection
	GlobalSection(ProjectConfigurationPlatforms) = postSolution
		{8E2BD5CB-1C31-4226-8A0C-7D5BD015EF43}.AppVeyor|Any CPU.ActiveCfg = AppVeyor|Any CPU
		{8E2BD5CB-1C31-4226-8A0C-7D5BD015EF43}.AppVeyor|Any CPU.Build.0 = AppVeyor|Any CPU
		{8E2BD5CB-1C31-4226-8A0C-7D5BD015EF43}.AppVeyor|ARM.ActiveCfg = AppVeyor|Any CPU
		{8E2BD5CB-1C31-4226-8A0C-7D5BD015EF43}.AppVeyor|ARM.Build.0 = AppVeyor|Any CPU
		{8E2BD5CB-1C31-4226-8A0C-7D5BD015EF43}.AppVeyor|x64.ActiveCfg = AppVeyor|Any CPU
		{8E2BD5CB-1C31-4226-8A0C-7D5BD015EF43}.AppVeyor|x64.Build.0 = AppVeyor|Any CPU
		{8E2BD5CB-1C31-4226-8A0C-7D5BD015EF43}.AppVeyor|x86.ActiveCfg = AppVeyor|Any CPU
		{8E2BD5CB-1C31-4226-8A0C-7D5BD015EF43}.AppVeyor|x86.Build.0 = AppVeyor|Any CPU
		{8E2BD5CB-1C31-4226-8A0C-7D5BD015EF43}.Debug|Any CPU.ActiveCfg = Debug|Any CPU
		{8E2BD5CB-1C31-4226-8A0C-7D5BD015EF43}.Debug|Any CPU.Build.0 = Debug|Any CPU
		{8E2BD5CB-1C31-4226-8A0C-7D5BD015EF43}.Debug|ARM.ActiveCfg = Debug|Any CPU
		{8E2BD5CB-1C31-4226-8A0C-7D5BD015EF43}.Debug|ARM.Build.0 = Debug|Any CPU
		{8E2BD5CB-1C31-4226-8A0C-7D5BD015EF43}.Debug|x64.ActiveCfg = Debug|Any CPU
		{8E2BD5CB-1C31-4226-8A0C-7D5BD015EF43}.Debug|x64.Build.0 = Debug|Any CPU
		{8E2BD5CB-1C31-4226-8A0C-7D5BD015EF43}.Debug|x86.ActiveCfg = Debug|Any CPU
		{8E2BD5CB-1C31-4226-8A0C-7D5BD015EF43}.Debug|x86.Build.0 = Debug|Any CPU
		{8E2BD5CB-1C31-4226-8A0C-7D5BD015EF43}.Release|Any CPU.ActiveCfg = Release|Any CPU
		{8E2BD5CB-1C31-4226-8A0C-7D5BD015EF43}.Release|Any CPU.Build.0 = Release|Any CPU
		{8E2BD5CB-1C31-4226-8A0C-7D5BD015EF43}.Release|ARM.ActiveCfg = Release|Any CPU
		{8E2BD5CB-1C31-4226-8A0C-7D5BD015EF43}.Release|ARM.Build.0 = Release|Any CPU
		{8E2BD5CB-1C31-4226-8A0C-7D5BD015EF43}.Release|x64.ActiveCfg = Release|Any CPU
		{8E2BD5CB-1C31-4226-8A0C-7D5BD015EF43}.Release|x64.Build.0 = Release|Any CPU
		{8E2BD5CB-1C31-4226-8A0C-7D5BD015EF43}.Release|x86.ActiveCfg = Release|Any CPU
		{8E2BD5CB-1C31-4226-8A0C-7D5BD015EF43}.Release|x86.Build.0 = Release|Any CPU
		{F079FB0A-A8ED-4216-B6A5-345756751A04}.AppVeyor|Any CPU.ActiveCfg = AppVeyor|Any CPU
		{F079FB0A-A8ED-4216-B6A5-345756751A04}.AppVeyor|Any CPU.Build.0 = AppVeyor|Any CPU
		{F079FB0A-A8ED-4216-B6A5-345756751A04}.AppVeyor|ARM.ActiveCfg = AppVeyor|Any CPU
		{F079FB0A-A8ED-4216-B6A5-345756751A04}.AppVeyor|ARM.Build.0 = AppVeyor|Any CPU
		{F079FB0A-A8ED-4216-B6A5-345756751A04}.AppVeyor|x64.ActiveCfg = AppVeyor|Any CPU
		{F079FB0A-A8ED-4216-B6A5-345756751A04}.AppVeyor|x64.Build.0 = AppVeyor|Any CPU
		{F079FB0A-A8ED-4216-B6A5-345756751A04}.AppVeyor|x86.ActiveCfg = AppVeyor|Any CPU
		{F079FB0A-A8ED-4216-B6A5-345756751A04}.AppVeyor|x86.Build.0 = AppVeyor|Any CPU
		{F079FB0A-A8ED-4216-B6A5-345756751A04}.Debug|Any CPU.ActiveCfg = Debug|Any CPU
		{F079FB0A-A8ED-4216-B6A5-345756751A04}.Debug|Any CPU.Build.0 = Debug|Any CPU
		{F079FB0A-A8ED-4216-B6A5-345756751A04}.Debug|ARM.ActiveCfg = Debug|Any CPU
		{F079FB0A-A8ED-4216-B6A5-345756751A04}.Debug|ARM.Build.0 = Debug|Any CPU
		{F079FB0A-A8ED-4216-B6A5-345756751A04}.Debug|x64.ActiveCfg = Debug|Any CPU
		{F079FB0A-A8ED-4216-B6A5-345756751A04}.Debug|x64.Build.0 = Debug|Any CPU
		{F079FB0A-A8ED-4216-B6A5-345756751A04}.Debug|x86.ActiveCfg = Debug|Any CPU
		{F079FB0A-A8ED-4216-B6A5-345756751A04}.Debug|x86.Build.0 = Debug|Any CPU
		{F079FB0A-A8ED-4216-B6A5-345756751A04}.Release|Any CPU.ActiveCfg = Release|Any CPU
		{F079FB0A-A8ED-4216-B6A5-345756751A04}.Release|Any CPU.Build.0 = Release|Any CPU
		{F079FB0A-A8ED-4216-B6A5-345756751A04}.Release|ARM.ActiveCfg = Release|Any CPU
		{F079FB0A-A8ED-4216-B6A5-345756751A04}.Release|ARM.Build.0 = Release|Any CPU
		{F079FB0A-A8ED-4216-B6A5-345756751A04}.Release|x64.ActiveCfg = Release|Any CPU
		{F079FB0A-A8ED-4216-B6A5-345756751A04}.Release|x64.Build.0 = Release|Any CPU
		{F079FB0A-A8ED-4216-B6A5-345756751A04}.Release|x86.ActiveCfg = Release|Any CPU
		{F079FB0A-A8ED-4216-B6A5-345756751A04}.Release|x86.Build.0 = Release|Any CPU
		{CF0A27A8-EF82-44E5-B673-ECCC150C48ED}.AppVeyor|Any CPU.ActiveCfg = AppVeyor|Any CPU
		{CF0A27A8-EF82-44E5-B673-ECCC150C48ED}.AppVeyor|Any CPU.Build.0 = AppVeyor|Any CPU
		{CF0A27A8-EF82-44E5-B673-ECCC150C48ED}.AppVeyor|ARM.ActiveCfg = AppVeyor|Any CPU
		{CF0A27A8-EF82-44E5-B673-ECCC150C48ED}.AppVeyor|ARM.Build.0 = AppVeyor|Any CPU
		{CF0A27A8-EF82-44E5-B673-ECCC150C48ED}.AppVeyor|x64.ActiveCfg = AppVeyor|Any CPU
		{CF0A27A8-EF82-44E5-B673-ECCC150C48ED}.AppVeyor|x64.Build.0 = AppVeyor|Any CPU
		{CF0A27A8-EF82-44E5-B673-ECCC150C48ED}.AppVeyor|x86.ActiveCfg = AppVeyor|Any CPU
		{CF0A27A8-EF82-44E5-B673-ECCC150C48ED}.AppVeyor|x86.Build.0 = AppVeyor|Any CPU
		{CF0A27A8-EF82-44E5-B673-ECCC150C48ED}.Debug|Any CPU.ActiveCfg = Debug|Any CPU
		{CF0A27A8-EF82-44E5-B673-ECCC150C48ED}.Debug|Any CPU.Build.0 = Debug|Any CPU
		{CF0A27A8-EF82-44E5-B673-ECCC150C48ED}.Debug|ARM.ActiveCfg = Debug|Any CPU
		{CF0A27A8-EF82-44E5-B673-ECCC150C48ED}.Debug|ARM.Build.0 = Debug|Any CPU
		{CF0A27A8-EF82-44E5-B673-ECCC150C48ED}.Debug|x64.ActiveCfg = Debug|Any CPU
		{CF0A27A8-EF82-44E5-B673-ECCC150C48ED}.Debug|x64.Build.0 = Debug|Any CPU
		{CF0A27A8-EF82-44E5-B673-ECCC150C48ED}.Debug|x86.ActiveCfg = Debug|Any CPU
		{CF0A27A8-EF82-44E5-B673-ECCC150C48ED}.Debug|x86.Build.0 = Debug|Any CPU
		{CF0A27A8-EF82-44E5-B673-ECCC150C48ED}.Release|Any CPU.ActiveCfg = Release|Any CPU
		{CF0A27A8-EF82-44E5-B673-ECCC150C48ED}.Release|Any CPU.Build.0 = Release|Any CPU
		{CF0A27A8-EF82-44E5-B673-ECCC150C48ED}.Release|ARM.ActiveCfg = Release|Any CPU
		{CF0A27A8-EF82-44E5-B673-ECCC150C48ED}.Release|ARM.Build.0 = Release|Any CPU
		{CF0A27A8-EF82-44E5-B673-ECCC150C48ED}.Release|x64.ActiveCfg = Release|Any CPU
		{CF0A27A8-EF82-44E5-B673-ECCC150C48ED}.Release|x64.Build.0 = Release|Any CPU
		{CF0A27A8-EF82-44E5-B673-ECCC150C48ED}.Release|x86.ActiveCfg = Release|Any CPU
		{CF0A27A8-EF82-44E5-B673-ECCC150C48ED}.Release|x86.Build.0 = Release|Any CPU
		{90B53209-C60C-4655-B28D-A1B3E1044BA3}.AppVeyor|Any CPU.ActiveCfg = AppVeyor|Any CPU
		{90B53209-C60C-4655-B28D-A1B3E1044BA3}.AppVeyor|Any CPU.Build.0 = AppVeyor|Any CPU
		{90B53209-C60C-4655-B28D-A1B3E1044BA3}.AppVeyor|ARM.ActiveCfg = AppVeyor|Any CPU
		{90B53209-C60C-4655-B28D-A1B3E1044BA3}.AppVeyor|ARM.Build.0 = AppVeyor|Any CPU
		{90B53209-C60C-4655-B28D-A1B3E1044BA3}.AppVeyor|x64.ActiveCfg = AppVeyor|Any CPU
		{90B53209-C60C-4655-B28D-A1B3E1044BA3}.AppVeyor|x64.Build.0 = AppVeyor|Any CPU
		{90B53209-C60C-4655-B28D-A1B3E1044BA3}.AppVeyor|x86.ActiveCfg = AppVeyor|Any CPU
		{90B53209-C60C-4655-B28D-A1B3E1044BA3}.AppVeyor|x86.Build.0 = AppVeyor|Any CPU
		{90B53209-C60C-4655-B28D-A1B3E1044BA3}.Debug|Any CPU.ActiveCfg = Debug|Any CPU
		{90B53209-C60C-4655-B28D-A1B3E1044BA3}.Debug|Any CPU.Build.0 = Debug|Any CPU
		{90B53209-C60C-4655-B28D-A1B3E1044BA3}.Debug|ARM.ActiveCfg = Debug|Any CPU
		{90B53209-C60C-4655-B28D-A1B3E1044BA3}.Debug|ARM.Build.0 = Debug|Any CPU
		{90B53209-C60C-4655-B28D-A1B3E1044BA3}.Debug|x64.ActiveCfg = Debug|Any CPU
		{90B53209-C60C-4655-B28D-A1B3E1044BA3}.Debug|x64.Build.0 = Debug|Any CPU
		{90B53209-C60C-4655-B28D-A1B3E1044BA3}.Debug|x86.ActiveCfg = Debug|Any CPU
		{90B53209-C60C-4655-B28D-A1B3E1044BA3}.Debug|x86.Build.0 = Debug|Any CPU
		{90B53209-C60C-4655-B28D-A1B3E1044BA3}.Release|Any CPU.ActiveCfg = Release|Any CPU
		{90B53209-C60C-4655-B28D-A1B3E1044BA3}.Release|Any CPU.Build.0 = Release|Any CPU
		{90B53209-C60C-4655-B28D-A1B3E1044BA3}.Release|ARM.ActiveCfg = Release|Any CPU
		{90B53209-C60C-4655-B28D-A1B3E1044BA3}.Release|ARM.Build.0 = Release|Any CPU
		{90B53209-C60C-4655-B28D-A1B3E1044BA3}.Release|x64.ActiveCfg = Release|Any CPU
		{90B53209-C60C-4655-B28D-A1B3E1044BA3}.Release|x64.Build.0 = Release|Any CPU
		{90B53209-C60C-4655-B28D-A1B3E1044BA3}.Release|x86.ActiveCfg = Release|Any CPU
		{90B53209-C60C-4655-B28D-A1B3E1044BA3}.Release|x86.Build.0 = Release|Any CPU
		{1FE7510B-7FDD-40F1-8ED7-A0B5235B9051}.AppVeyor|Any CPU.ActiveCfg = AppVeyor|Any CPU
		{1FE7510B-7FDD-40F1-8ED7-A0B5235B9051}.AppVeyor|Any CPU.Build.0 = AppVeyor|Any CPU
		{1FE7510B-7FDD-40F1-8ED7-A0B5235B9051}.AppVeyor|Any CPU.Deploy.0 = AppVeyor|Any CPU
		{1FE7510B-7FDD-40F1-8ED7-A0B5235B9051}.AppVeyor|ARM.ActiveCfg = AppVeyor|ARM
		{1FE7510B-7FDD-40F1-8ED7-A0B5235B9051}.AppVeyor|ARM.Build.0 = AppVeyor|ARM
		{1FE7510B-7FDD-40F1-8ED7-A0B5235B9051}.AppVeyor|ARM.Deploy.0 = AppVeyor|ARM
		{1FE7510B-7FDD-40F1-8ED7-A0B5235B9051}.AppVeyor|x64.ActiveCfg = AppVeyor|x64
		{1FE7510B-7FDD-40F1-8ED7-A0B5235B9051}.AppVeyor|x64.Build.0 = AppVeyor|x64
		{1FE7510B-7FDD-40F1-8ED7-A0B5235B9051}.AppVeyor|x64.Deploy.0 = AppVeyor|x64
		{1FE7510B-7FDD-40F1-8ED7-A0B5235B9051}.AppVeyor|x86.ActiveCfg = AppVeyor|x86
		{1FE7510B-7FDD-40F1-8ED7-A0B5235B9051}.AppVeyor|x86.Build.0 = AppVeyor|x86
		{1FE7510B-7FDD-40F1-8ED7-A0B5235B9051}.AppVeyor|x86.Deploy.0 = AppVeyor|x86
		{1FE7510B-7FDD-40F1-8ED7-A0B5235B9051}.Debug|Any CPU.ActiveCfg = Debug|Any CPU
		{1FE7510B-7FDD-40F1-8ED7-A0B5235B9051}.Debug|Any CPU.Build.0 = Debug|Any CPU
		{1FE7510B-7FDD-40F1-8ED7-A0B5235B9051}.Debug|Any CPU.Deploy.0 = Debug|Any CPU
		{1FE7510B-7FDD-40F1-8ED7-A0B5235B9051}.Debug|ARM.ActiveCfg = Debug|ARM
		{1FE7510B-7FDD-40F1-8ED7-A0B5235B9051}.Debug|ARM.Build.0 = Debug|ARM
		{1FE7510B-7FDD-40F1-8ED7-A0B5235B9051}.Debug|ARM.Deploy.0 = Debug|ARM
		{1FE7510B-7FDD-40F1-8ED7-A0B5235B9051}.Debug|x64.ActiveCfg = Debug|x64
		{1FE7510B-7FDD-40F1-8ED7-A0B5235B9051}.Debug|x64.Build.0 = Debug|x64
		{1FE7510B-7FDD-40F1-8ED7-A0B5235B9051}.Debug|x64.Deploy.0 = Debug|x64
		{1FE7510B-7FDD-40F1-8ED7-A0B5235B9051}.Debug|x86.ActiveCfg = Debug|x86
		{1FE7510B-7FDD-40F1-8ED7-A0B5235B9051}.Debug|x86.Build.0 = Debug|x86
		{1FE7510B-7FDD-40F1-8ED7-A0B5235B9051}.Debug|x86.Deploy.0 = Debug|x86
		{1FE7510B-7FDD-40F1-8ED7-A0B5235B9051}.Release|Any CPU.ActiveCfg = Release|Any CPU
		{1FE7510B-7FDD-40F1-8ED7-A0B5235B9051}.Release|Any CPU.Build.0 = Release|Any CPU
		{1FE7510B-7FDD-40F1-8ED7-A0B5235B9051}.Release|Any CPU.Deploy.0 = Release|Any CPU
		{1FE7510B-7FDD-40F1-8ED7-A0B5235B9051}.Release|ARM.ActiveCfg = Release|ARM
		{1FE7510B-7FDD-40F1-8ED7-A0B5235B9051}.Release|ARM.Build.0 = Release|ARM
		{1FE7510B-7FDD-40F1-8ED7-A0B5235B9051}.Release|ARM.Deploy.0 = Release|ARM
		{1FE7510B-7FDD-40F1-8ED7-A0B5235B9051}.Release|x64.ActiveCfg = Release|x64
		{1FE7510B-7FDD-40F1-8ED7-A0B5235B9051}.Release|x64.Build.0 = Release|x64
		{1FE7510B-7FDD-40F1-8ED7-A0B5235B9051}.Release|x64.Deploy.0 = Release|x64
		{1FE7510B-7FDD-40F1-8ED7-A0B5235B9051}.Release|x86.ActiveCfg = Release|x86
		{1FE7510B-7FDD-40F1-8ED7-A0B5235B9051}.Release|x86.Build.0 = Release|x86
		{1FE7510B-7FDD-40F1-8ED7-A0B5235B9051}.Release|x86.Deploy.0 = Release|x86
		{F92E72B2-A25D-49DF-9E27-888996D8770E}.AppVeyor|Any CPU.ActiveCfg = Release|Any CPU
		{F92E72B2-A25D-49DF-9E27-888996D8770E}.AppVeyor|Any CPU.Build.0 = Release|Any CPU
		{F92E72B2-A25D-49DF-9E27-888996D8770E}.AppVeyor|ARM.ActiveCfg = Release|ARM
		{F92E72B2-A25D-49DF-9E27-888996D8770E}.AppVeyor|ARM.Build.0 = Release|ARM
		{F92E72B2-A25D-49DF-9E27-888996D8770E}.AppVeyor|x64.ActiveCfg = Release|x64
		{F92E72B2-A25D-49DF-9E27-888996D8770E}.AppVeyor|x64.Build.0 = Release|x64
		{F92E72B2-A25D-49DF-9E27-888996D8770E}.AppVeyor|x86.ActiveCfg = Release|x86
		{F92E72B2-A25D-49DF-9E27-888996D8770E}.AppVeyor|x86.Build.0 = Release|x86
		{F92E72B2-A25D-49DF-9E27-888996D8770E}.Debug|Any CPU.ActiveCfg = Debug|Any CPU
		{F92E72B2-A25D-49DF-9E27-888996D8770E}.Debug|Any CPU.Build.0 = Debug|Any CPU
		{F92E72B2-A25D-49DF-9E27-888996D8770E}.Debug|ARM.ActiveCfg = Debug|ARM
		{F92E72B2-A25D-49DF-9E27-888996D8770E}.Debug|ARM.Build.0 = Debug|ARM
		{F92E72B2-A25D-49DF-9E27-888996D8770E}.Debug|x64.ActiveCfg = Debug|x64
		{F92E72B2-A25D-49DF-9E27-888996D8770E}.Debug|x64.Build.0 = Debug|x64
		{F92E72B2-A25D-49DF-9E27-888996D8770E}.Debug|x86.ActiveCfg = Debug|x86
		{F92E72B2-A25D-49DF-9E27-888996D8770E}.Debug|x86.Build.0 = Debug|x86
		{F92E72B2-A25D-49DF-9E27-888996D8770E}.Release|Any CPU.ActiveCfg = Release|Any CPU
		{F92E72B2-A25D-49DF-9E27-888996D8770E}.Release|Any CPU.Build.0 = Release|Any CPU
		{F92E72B2-A25D-49DF-9E27-888996D8770E}.Release|ARM.ActiveCfg = Release|ARM
		{F92E72B2-A25D-49DF-9E27-888996D8770E}.Release|ARM.Build.0 = Release|ARM
		{F92E72B2-A25D-49DF-9E27-888996D8770E}.Release|x64.ActiveCfg = Release|x64
		{F92E72B2-A25D-49DF-9E27-888996D8770E}.Release|x64.Build.0 = Release|x64
		{F92E72B2-A25D-49DF-9E27-888996D8770E}.Release|x86.ActiveCfg = Release|x86
		{F92E72B2-A25D-49DF-9E27-888996D8770E}.Release|x86.Build.0 = Release|x86
		{FFA39A82-6F0C-4FFE-96E4-35BCC10B91D1}.AppVeyor|Any CPU.ActiveCfg = AppVeyor|Any CPU
		{FFA39A82-6F0C-4FFE-96E4-35BCC10B91D1}.AppVeyor|Any CPU.Build.0 = AppVeyor|Any CPU
		{FFA39A82-6F0C-4FFE-96E4-35BCC10B91D1}.AppVeyor|Any CPU.Deploy.0 = AppVeyor|Any CPU
		{FFA39A82-6F0C-4FFE-96E4-35BCC10B91D1}.AppVeyor|ARM.ActiveCfg = AppVeyor|ARM
		{FFA39A82-6F0C-4FFE-96E4-35BCC10B91D1}.AppVeyor|ARM.Build.0 = AppVeyor|ARM
		{FFA39A82-6F0C-4FFE-96E4-35BCC10B91D1}.AppVeyor|ARM.Deploy.0 = AppVeyor|ARM
		{FFA39A82-6F0C-4FFE-96E4-35BCC10B91D1}.AppVeyor|x64.ActiveCfg = AppVeyor|x64
		{FFA39A82-6F0C-4FFE-96E4-35BCC10B91D1}.AppVeyor|x64.Build.0 = AppVeyor|x64
		{FFA39A82-6F0C-4FFE-96E4-35BCC10B91D1}.AppVeyor|x64.Deploy.0 = AppVeyor|x64
		{FFA39A82-6F0C-4FFE-96E4-35BCC10B91D1}.AppVeyor|x86.ActiveCfg = AppVeyor|x86
		{FFA39A82-6F0C-4FFE-96E4-35BCC10B91D1}.AppVeyor|x86.Build.0 = AppVeyor|x86
		{FFA39A82-6F0C-4FFE-96E4-35BCC10B91D1}.AppVeyor|x86.Deploy.0 = AppVeyor|x86
		{FFA39A82-6F0C-4FFE-96E4-35BCC10B91D1}.Debug|Any CPU.ActiveCfg = Debug|Any CPU
		{FFA39A82-6F0C-4FFE-96E4-35BCC10B91D1}.Debug|Any CPU.Build.0 = Debug|Any CPU
		{FFA39A82-6F0C-4FFE-96E4-35BCC10B91D1}.Debug|Any CPU.Deploy.0 = Debug|Any CPU
		{FFA39A82-6F0C-4FFE-96E4-35BCC10B91D1}.Debug|ARM.ActiveCfg = Debug|ARM
		{FFA39A82-6F0C-4FFE-96E4-35BCC10B91D1}.Debug|ARM.Build.0 = Debug|ARM
		{FFA39A82-6F0C-4FFE-96E4-35BCC10B91D1}.Debug|ARM.Deploy.0 = Debug|ARM
		{FFA39A82-6F0C-4FFE-96E4-35BCC10B91D1}.Debug|x64.ActiveCfg = Debug|x64
		{FFA39A82-6F0C-4FFE-96E4-35BCC10B91D1}.Debug|x64.Build.0 = Debug|x64
		{FFA39A82-6F0C-4FFE-96E4-35BCC10B91D1}.Debug|x64.Deploy.0 = Debug|x64
		{FFA39A82-6F0C-4FFE-96E4-35BCC10B91D1}.Debug|x86.ActiveCfg = Debug|x86
		{FFA39A82-6F0C-4FFE-96E4-35BCC10B91D1}.Debug|x86.Build.0 = Debug|x86
		{FFA39A82-6F0C-4FFE-96E4-35BCC10B91D1}.Debug|x86.Deploy.0 = Debug|x86
		{FFA39A82-6F0C-4FFE-96E4-35BCC10B91D1}.Release|Any CPU.ActiveCfg = Release|Any CPU
		{FFA39A82-6F0C-4FFE-96E4-35BCC10B91D1}.Release|Any CPU.Build.0 = Release|Any CPU
		{FFA39A82-6F0C-4FFE-96E4-35BCC10B91D1}.Release|Any CPU.Deploy.0 = Release|Any CPU
		{FFA39A82-6F0C-4FFE-96E4-35BCC10B91D1}.Release|ARM.ActiveCfg = Release|ARM
		{FFA39A82-6F0C-4FFE-96E4-35BCC10B91D1}.Release|ARM.Build.0 = Release|ARM
		{FFA39A82-6F0C-4FFE-96E4-35BCC10B91D1}.Release|ARM.Deploy.0 = Release|ARM
		{FFA39A82-6F0C-4FFE-96E4-35BCC10B91D1}.Release|x64.ActiveCfg = Release|x64
		{FFA39A82-6F0C-4FFE-96E4-35BCC10B91D1}.Release|x64.Build.0 = Release|x64
		{FFA39A82-6F0C-4FFE-96E4-35BCC10B91D1}.Release|x64.Deploy.0 = Release|x64
		{FFA39A82-6F0C-4FFE-96E4-35BCC10B91D1}.Release|x86.ActiveCfg = Release|x86
		{FFA39A82-6F0C-4FFE-96E4-35BCC10B91D1}.Release|x86.Build.0 = Release|x86
		{FFA39A82-6F0C-4FFE-96E4-35BCC10B91D1}.Release|x86.Deploy.0 = Release|x86
		{803954E5-3A35-4D8B-95A7-F6E9B63EC0DF}.AppVeyor|Any CPU.ActiveCfg = AppVeyor|Any CPU
		{803954E5-3A35-4D8B-95A7-F6E9B63EC0DF}.AppVeyor|Any CPU.Build.0 = AppVeyor|Any CPU
		{803954E5-3A35-4D8B-95A7-F6E9B63EC0DF}.AppVeyor|ARM.ActiveCfg = AppVeyor|Any CPU
		{803954E5-3A35-4D8B-95A7-F6E9B63EC0DF}.AppVeyor|ARM.Build.0 = AppVeyor|Any CPU
		{803954E5-3A35-4D8B-95A7-F6E9B63EC0DF}.AppVeyor|x64.ActiveCfg = AppVeyor|Any CPU
		{803954E5-3A35-4D8B-95A7-F6E9B63EC0DF}.AppVeyor|x64.Build.0 = AppVeyor|Any CPU
		{803954E5-3A35-4D8B-95A7-F6E9B63EC0DF}.AppVeyor|x86.ActiveCfg = AppVeyor|Any CPU
		{803954E5-3A35-4D8B-95A7-F6E9B63EC0DF}.AppVeyor|x86.Build.0 = AppVeyor|Any CPU
		{803954E5-3A35-4D8B-95A7-F6E9B63EC0DF}.Debug|Any CPU.ActiveCfg = Debug|Any CPU
		{803954E5-3A35-4D8B-95A7-F6E9B63EC0DF}.Debug|Any CPU.Build.0 = Debug|Any CPU
		{803954E5-3A35-4D8B-95A7-F6E9B63EC0DF}.Debug|ARM.ActiveCfg = Debug|Any CPU
		{803954E5-3A35-4D8B-95A7-F6E9B63EC0DF}.Debug|ARM.Build.0 = Debug|Any CPU
		{803954E5-3A35-4D8B-95A7-F6E9B63EC0DF}.Debug|x64.ActiveCfg = Debug|Any CPU
		{803954E5-3A35-4D8B-95A7-F6E9B63EC0DF}.Debug|x64.Build.0 = Debug|Any CPU
		{803954E5-3A35-4D8B-95A7-F6E9B63EC0DF}.Debug|x86.ActiveCfg = Debug|Any CPU
		{803954E5-3A35-4D8B-95A7-F6E9B63EC0DF}.Debug|x86.Build.0 = Debug|Any CPU
		{803954E5-3A35-4D8B-95A7-F6E9B63EC0DF}.Release|Any CPU.ActiveCfg = Release|Any CPU
		{803954E5-3A35-4D8B-95A7-F6E9B63EC0DF}.Release|Any CPU.Build.0 = Release|Any CPU
		{803954E5-3A35-4D8B-95A7-F6E9B63EC0DF}.Release|ARM.ActiveCfg = Release|Any CPU
		{803954E5-3A35-4D8B-95A7-F6E9B63EC0DF}.Release|ARM.Build.0 = Release|Any CPU
		{803954E5-3A35-4D8B-95A7-F6E9B63EC0DF}.Release|x64.ActiveCfg = Release|Any CPU
		{803954E5-3A35-4D8B-95A7-F6E9B63EC0DF}.Release|x64.Build.0 = Release|Any CPU
		{803954E5-3A35-4D8B-95A7-F6E9B63EC0DF}.Release|x86.ActiveCfg = Release|Any CPU
		{803954E5-3A35-4D8B-95A7-F6E9B63EC0DF}.Release|x86.Build.0 = Release|Any CPU
	EndGlobalSection
	GlobalSection(SolutionProperties) = preSolution
		HideSolutionNode = FALSE
	EndGlobalSection
EndGlobal
